
Microsoft Visual Studio Solution File, Format Version 12.00
# Visual Studio 15
VisualStudioVersion = 15.0.28010.2050
MinimumVisualStudioVersion = 10.0.40219.1
Project("{FAE04EC0-301F-11D3-BF4B-00C04F79EFBC}") = "App2.Android", "App2\App2.Android\App2.Android.csproj", "{CBA90E2C-7CA9-4E5B-96D0-6C6142538C8C}"
EndProject
Project("{FAE04EC0-301F-11D3-BF4B-00C04F79EFBC}") = "App2.iOS", "App2\App2.iOS\App2.iOS.csproj", "{DDEA06E7-F04F-48FA-B030-BEAFCFF38062}"
EndProject
Project("{FAE04EC0-301F-11D3-BF4B-00C04F79EFBC}") = "App2", "App2\App2\App2.csproj", "{6C520CAB-3046-4B18-BE3D-7FD75441C21B}"
EndProject
Global
	GlobalSection(SolutionConfigurationPlatforms) = preSolution
		Ad-Hoc|Any CPU = Ad-Hoc|Any CPU
		Ad-Hoc|iPhone = Ad-Hoc|iPhone
		Ad-Hoc|iPhoneSimulator = Ad-Hoc|iPhoneSimulator
		AppStore|Any CPU = AppStore|Any CPU
		AppStore|iPhone = AppStore|iPhone
		AppStore|iPhoneSimulator = AppStore|iPhoneSimulator
		Debug|Any CPU = Debug|Any CPU
		Debug|iPhone = Debug|iPhone
		Debug|iPhoneSimulator = Debug|iPhoneSimulator
		Release|Any CPU = Release|Any CPU
		Release|iPhone = Release|iPhone
		Release|iPhoneSimulator = Release|iPhoneSimulator
	EndGlobalSection
	GlobalSection(ProjectConfigurationPlatforms) = postSolution
		{CBA90E2C-7CA9-4E5B-96D0-6C6142538C8C}.Ad-Hoc|Any CPU.ActiveCfg = Release|Any CPU
		{CBA90E2C-7CA9-4E5B-96D0-6C6142538C8C}.Ad-Hoc|Any CPU.Build.0 = Release|Any CPU
		{CBA90E2C-7CA9-4E5B-96D0-6C6142538C8C}.Ad-Hoc|Any CPU.Deploy.0 = Release|Any CPU
		{CBA90E2C-7CA9-4E5B-96D0-6C6142538C8C}.Ad-Hoc|iPhone.ActiveCfg = Release|Any CPU
		{CBA90E2C-7CA9-4E5B-96D0-6C6142538C8C}.Ad-Hoc|iPhone.Build.0 = Release|Any CPU
		{CBA90E2C-7CA9-4E5B-96D0-6C6142538C8C}.Ad-Hoc|iPhone.Deploy.0 = Release|Any CPU
		{CBA90E2C-7CA9-4E5B-96D0-6C6142538C8C}.Ad-Hoc|iPhoneSimulator.ActiveCfg = Release|Any CPU
		{CBA90E2C-7CA9-4E5B-96D0-6C6142538C8C}.Ad-Hoc|iPhoneSimulator.Build.0 = Release|Any CPU
		{CBA90E2C-7CA9-4E5B-96D0-6C6142538C8C}.Ad-Hoc|iPhoneSimulator.Deploy.0 = Release|Any CPU
		{CBA90E2C-7CA9-4E5B-96D0-6C6142538C8C}.AppStore|Any CPU.ActiveCfg = Release|Any CPU
		{CBA90E2C-7CA9-4E5B-96D0-6C6142538C8C}.AppStore|Any CPU.Build.0 = Release|Any CPU
		{CBA90E2C-7CA9-4E5B-96D0-6C6142538C8C}.AppStore|Any CPU.Deploy.0 = Release|Any CPU
		{CBA90E2C-7CA9-4E5B-96D0-6C6142538C8C}.AppStore|iPhone.ActiveCfg = Release|Any CPU
		{CBA90E2C-7CA9-4E5B-96D0-6C6142538C8C}.AppStore|iPhone.Build.0 = Release|Any CPU
		{CBA90E2C-7CA9-4E5B-96D0-6C6142538C8C}.AppStore|iPhone.Deploy.0 = Release|Any CPU
		{CBA90E2C-7CA9-4E5B-96D0-6C6142538C8C}.AppStore|iPhoneSimulator.ActiveCfg = Release|Any CPU
		{CBA90E2C-7CA9-4E5B-96D0-6C6142538C8C}.AppStore|iPhoneSimulator.Build.0 = Release|Any CPU
		{CBA90E2C-7CA9-4E5B-96D0-6C6142538C8C}.AppStore|iPhoneSimulator.Deploy.0 = Release|Any CPU
		{CBA90E2C-7CA9-4E5B-96D0-6C6142538C8C}.Debug|Any CPU.ActiveCfg = Debug|Any CPU
		{CBA90E2C-7CA9-4E5B-96D0-6C6142538C8C}.Debug|Any CPU.Build.0 = Debug|Any CPU
		{CBA90E2C-7CA9-4E5B-96D0-6C6142538C8C}.Debug|Any CPU.Deploy.0 = Debug|Any CPU
		{CBA90E2C-7CA9-4E5B-96D0-6C6142538C8C}.Debug|iPhone.ActiveCfg = Debug|Any CPU
		{CBA90E2C-7CA9-4E5B-96D0-6C6142538C8C}.Debug|iPhone.Build.0 = Debug|Any CPU
		{CBA90E2C-7CA9-4E5B-96D0-6C6142538C8C}.Debug|iPhone.Deploy.0 = Debug|Any CPU
		{CBA90E2C-7CA9-4E5B-96D0-6C6142538C8C}.Debug|iPhoneSimulator.ActiveCfg = Debug|Any CPU
		{CBA90E2C-7CA9-4E5B-96D0-6C6142538C8C}.Debug|iPhoneSimulator.Build.0 = Debug|Any CPU
		{CBA90E2C-7CA9-4E5B-96D0-6C6142538C8C}.Debug|iPhoneSimulator.Deploy.0 = Debug|Any CPU
		{CBA90E2C-7CA9-4E5B-96D0-6C6142538C8C}.Release|Any CPU.ActiveCfg = Release|Any CPU
		{CBA90E2C-7CA9-4E5B-96D0-6C6142538C8C}.Release|Any CPU.Build.0 = Release|Any CPU
		{CBA90E2C-7CA9-4E5B-96D0-6C6142538C8C}.Release|Any CPU.Deploy.0 = Release|Any CPU
		{CBA90E2C-7CA9-4E5B-96D0-6C6142538C8C}.Release|iPhone.ActiveCfg = Release|Any CPU
		{CBA90E2C-7CA9-4E5B-96D0-6C6142538C8C}.Release|iPhone.Build.0 = Release|Any CPU
		{CBA90E2C-7CA9-4E5B-96D0-6C6142538C8C}.Release|iPhone.Deploy.0 = Release|Any CPU
		{CBA90E2C-7CA9-4E5B-96D0-6C6142538C8C}.Release|iPhoneSimulator.ActiveCfg = Release|Any CPU
		{CBA90E2C-7CA9-4E5B-96D0-6C6142538C8C}.Release|iPhoneSimulator.Build.0 = Release|Any CPU
		{CBA90E2C-7CA9-4E5B-96D0-6C6142538C8C}.Release|iPhoneSimulator.Deploy.0 = Release|Any CPU
		{DDEA06E7-F04F-48FA-B030-BEAFCFF38062}.Ad-Hoc|Any CPU.ActiveCfg = Ad-Hoc|iPhone
		{DDEA06E7-F04F-48FA-B030-BEAFCFF38062}.Ad-Hoc|Any CPU.Build.0 = Ad-Hoc|iPhone
		{DDEA06E7-F04F-48FA-B030-BEAFCFF38062}.Ad-Hoc|Any CPU.Deploy.0 = Ad-Hoc|iPhone
		{DDEA06E7-F04F-48FA-B030-BEAFCFF38062}.Ad-Hoc|iPhone.ActiveCfg = Ad-Hoc|iPhone
		{DDEA06E7-F04F-48FA-B030-BEAFCFF38062}.Ad-Hoc|iPhone.Build.0 = Ad-Hoc|iPhone
		{DDEA06E7-F04F-48FA-B030-BEAFCFF38062}.Ad-Hoc|iPhone.Deploy.0 = Ad-Hoc|iPhone
		{DDEA06E7-F04F-48FA-B030-BEAFCFF38062}.Ad-Hoc|iPhoneSimulator.ActiveCfg = Ad-Hoc|iPhoneSimulator
		{DDEA06E7-F04F-48FA-B030-BEAFCFF38062}.Ad-Hoc|iPhoneSimulator.Build.0 = Ad-Hoc|iPhoneSimulator
		{DDEA06E7-F04F-48FA-B030-BEAFCFF38062}.Ad-Hoc|iPhoneSimulator.Deploy.0 = Ad-Hoc|iPhoneSimulator
		{DDEA06E7-F04F-48FA-B030-BEAFCFF38062}.AppStore|Any CPU.ActiveCfg = AppStore|iPhone
		{DDEA06E7-F04F-48FA-B030-BEAFCFF38062}.AppStore|Any CPU.Build.0 = AppStore|iPhone
		{DDEA06E7-F04F-48FA-B030-BEAFCFF38062}.AppStore|Any CPU.Deploy.0 = AppStore|iPhone
		{DDEA06E7-F04F-48FA-B030-BEAFCFF38062}.AppStore|iPhone.ActiveCfg = AppStore|iPhone
		{DDEA06E7-F04F-48FA-B030-BEAFCFF38062}.AppStore|iPhone.Build.0 = AppStore|iPhone
		{DDEA06E7-F04F-48FA-B030-BEAFCFF38062}.AppStore|iPhone.Deploy.0 = AppStore|iPhone
		{DDEA06E7-F04F-48FA-B030-BEAFCFF38062}.AppStore|iPhoneSimulator.ActiveCfg = AppStore|iPhoneSimulator
		{DDEA06E7-F04F-48FA-B030-BEAFCFF38062}.AppStore|iPhoneSimulator.Build.0 = AppStore|iPhoneSimulator
		{DDEA06E7-F04F-48FA-B030-BEAFCFF38062}.AppStore|iPhoneSimulator.Deploy.0 = AppStore|iPhoneSimulator
		{DDEA06E7-F04F-48FA-B030-BEAFCFF38062}.Debug|Any CPU.ActiveCfg = Debug|iPhoneSimulator
		{DDEA06E7-F04F-48FA-B030-BEAFCFF38062}.Debug|Any CPU.Build.0 = Debug|iPhoneSimulator
		{DDEA06E7-F04F-48FA-B030-BEAFCFF38062}.Debug|Any CPU.Deploy.0 = Debug|iPhoneSimulator
		{DDEA06E7-F04F-48FA-B030-BEAFCFF38062}.Debug|iPhone.ActiveCfg = Debug|iPhone
		{DDEA06E7-F04F-48FA-B030-BEAFCFF38062}.Debug|iPhone.Build.0 = Debug|iPhone
		{DDEA06E7-F04F-48FA-B030-BEAFCFF38062}.Debug|iPhone.Deploy.0 = Debug|iPhone
		{DDEA06E7-F04F-48FA-B030-BEAFCFF38062}.Debug|iPhoneSimulator.ActiveCfg = Debug|iPhoneSimulator
		{DDEA06E7-F04F-48FA-B030-BEAFCFF38062}.Debug|iPhoneSimulator.Build.0 = Debug|iPhoneSimulator
		{DDEA06E7-F04F-48FA-B030-BEAFCFF38062}.Debug|iPhoneSimulator.Deploy.0 = Debug|iPhoneSimulator
		{DDEA06E7-F04F-48FA-B030-BEAFCFF38062}.Release|Any CPU.ActiveCfg = Release|iPhone
		{DDEA06E7-F04F-48FA-B030-BEAFCFF38062}.Release|Any CPU.Build.0 = Release|iPhone
		{DDEA06E7-F04F-48FA-B030-BEAFCFF38062}.Release|Any CPU.Deploy.0 = Release|iPhone
		{DDEA06E7-F04F-48FA-B030-BEAFCFF38062}.Release|iPhone.ActiveCfg = Release|iPhone
		{DDEA06E7-F04F-48FA-B030-BEAFCFF38062}.Release|iPhone.Build.0 = Release|iPhone
		{DDEA06E7-F04F-48FA-B030-BEAFCFF38062}.Release|iPhone.Deploy.0 = Release|iPhone
		{DDEA06E7-F04F-48FA-B030-BEAFCFF38062}.Release|iPhoneSimulator.ActiveCfg = Release|iPhoneSimulator
		{DDEA06E7-F04F-48FA-B030-BEAFCFF38062}.Release|iPhoneSimulator.Build.0 = Release|iPhoneSimulator
		{DDEA06E7-F04F-48FA-B030-BEAFCFF38062}.Release|iPhoneSimulator.Deploy.0 = Release|iPhoneSimulator
		{6C520CAB-3046-4B18-BE3D-7FD75441C21B}.Ad-Hoc|Any CPU.ActiveCfg = Debug|Any CPU
		{6C520CAB-3046-4B18-BE3D-7FD75441C21B}.Ad-Hoc|Any CPU.Build.0 = Debug|Any CPU
		{6C520CAB-3046-4B18-BE3D-7FD75441C21B}.Ad-Hoc|Any CPU.Deploy.0 = Debug|Any CPU
		{6C520CAB-3046-4B18-BE3D-7FD75441C21B}.Ad-Hoc|iPhone.ActiveCfg = Debug|Any CPU
		{6C520CAB-3046-4B18-BE3D-7FD75441C21B}.Ad-Hoc|iPhone.Build.0 = Debug|Any CPU
		{6C520CAB-3046-4B18-BE3D-7FD75441C21B}.Ad-Hoc|iPhone.Deploy.0 = Debug|Any CPU
		{6C520CAB-3046-4B18-BE3D-7FD75441C21B}.Ad-Hoc|iPhoneSimulator.ActiveCfg = Debug|Any CPU
		{6C520CAB-3046-4B18-BE3D-7FD75441C21B}.Ad-Hoc|iPhoneSimulator.Build.0 = Debug|Any CPU
		{6C520CAB-3046-4B18-BE3D-7FD75441C21B}.Ad-Hoc|iPhoneSimulator.Deploy.0 = Debug|Any CPU
		{6C520CAB-3046-4B18-BE3D-7FD75441C21B}.AppStore|Any CPU.ActiveCfg = Debug|Any CPU
		{6C520CAB-3046-4B18-BE3D-7FD75441C21B}.AppStore|Any CPU.Build.0 = Debug|Any CPU
		{6C520CAB-3046-4B18-BE3D-7FD75441C21B}.AppStore|Any CPU.Deploy.0 = Debug|Any CPU
		{6C520CAB-3046-4B18-BE3D-7FD75441C21B}.AppStore|iPhone.ActiveCfg = Debug|Any CPU
		{6C520CAB-3046-4B18-BE3D-7FD75441C21B}.AppStore|iPhone.Build.0 = Debug|Any CPU
		{6C520CAB-3046-4B18-BE3D-7FD75441C21B}.AppStore|iPhone.Deploy.0 = Debug|Any CPU
		{6C520CAB-3046-4B18-BE3D-7FD75441C21B}.AppStore|iPhoneSimulator.ActiveCfg = Debug|Any CPU
		{6C520CAB-3046-4B18-BE3D-7FD75441C21B}.AppStore|iPhoneSimulator.Build.0 = Debug|Any CPU
		{6C520CAB-3046-4B18-BE3D-7FD75441C21B}.AppStore|iPhoneSimulator.Deploy.0 = Debug|Any CPU
		{6C520CAB-3046-4B18-BE3D-7FD75441C21B}.Debug|Any CPU.ActiveCfg = Debug|Any CPU
		{6C520CAB-3046-4B18-BE3D-7FD75441C21B}.Debug|Any CPU.Build.0 = Debug|Any CPU
		{6C520CAB-3046-4B18-BE3D-7FD75441C21B}.Debug|Any CPU.Deploy.0 = Debug|Any CPU
		{6C520CAB-3046-4B18-BE3D-7FD75441C21B}.Debug|iPhone.ActiveCfg = Debug|Any CPU
		{6C520CAB-3046-4B18-BE3D-7FD75441C21B}.Debug|iPhone.Build.0 = Debug|Any CPU
		{6C520CAB-3046-4B18-BE3D-7FD75441C21B}.Debug|iPhone.Deploy.0 = Debug|Any CPU
		{6C520CAB-3046-4B18-BE3D-7FD75441C21B}.Debug|iPhoneSimulator.ActiveCfg = Debug|Any CPU
		{6C520CAB-3046-4B18-BE3D-7FD75441C21B}.Debug|iPhoneSimulator.Build.0 = Debug|Any CPU
		{6C520CAB-3046-4B18-BE3D-7FD75441C21B}.Debug|iPhoneSimulator.Deploy.0 = Debug|Any CPU
		{6C520CAB-3046-4B18-BE3D-7FD75441C21B}.Release|Any CPU.ActiveCfg = Release|Any CPU
		{6C520CAB-3046-4B18-BE3D-7FD75441C21B}.Release|Any CPU.Build.0 = Release|Any CPU
		{6C520CAB-3046-4B18-BE3D-7FD75441C21B}.Release|Any CPU.Deploy.0 = Release|Any CPU
		{6C520CAB-3046-4B18-BE3D-7FD75441C21B}.Release|iPhone.ActiveCfg = Release|Any CPU
		{6C520CAB-3046-4B18-BE3D-7FD75441C21B}.Release|iPhone.Build.0 = Release|Any CPU
		{6C520CAB-3046-4B18-BE3D-7FD75441C21B}.Release|iPhone.Deploy.0 = Release|Any CPU
		{6C520CAB-3046-4B18-BE3D-7FD75441C21B}.Release|iPhoneSimulator.ActiveCfg = Release|Any CPU
		{6C520CAB-3046-4B18-BE3D-7FD75441C21B}.Release|iPhoneSimulator.Build.0 = Release|Any CPU
		{6C520CAB-3046-4B18-BE3D-7FD75441C21B}.Release|iPhoneSimulator.Deploy.0 = Release|Any CPU
	EndGlobalSection
	GlobalSection(SolutionProperties) = preSolution
		HideSolutionNode = FALSE
	EndGlobalSection
	GlobalSection(ExtensibilityGlobals) = postSolution
		SolutionGuid = {E0F95630-DFDB-47FB-A720-5AF8D5EAB10F}
	EndGlobalSection
EndGlobal
